
Microsoft Visual Studio Solution File, Format Version 12.00
# Visual Studio Version 17
VisualStudioVersion = 17.6.33417.168
MinimumVisualStudioVersion = 10.0.40219.1
Project("{FAE04EC0-301F-11D3-BF4B-00C04F79EFBC}") = "Redaction", "Redaction\Redaction.csproj", "{FE2DB9D6-8896-4A07-88C9-090D75448852}"
EndProject
Global
	GlobalSection(SolutionConfigurationPlatforms) = preSolution
		Debug|Any CPU = Debug|Any CPU
		Release|Any CPU = Release|Any CPU
	EndGlobalSection
	GlobalSection(ProjectConfigurationPlatforms) = postSolution
		{FE2DB9D6-8896-4A07-88C9-090D75448852}.Debug|Any CPU.ActiveCfg = Debug|Any CPU
		{FE2DB9D6-8896-4A07-88C9-090D75448852}.Debug|Any CPU.Build.0 = Debug|Any CPU
		{FE2DB9D6-8896-4A07-88C9-090D75448852}.Release|Any CPU.ActiveCfg = Release|Any CPU
		{FE2DB9D6-8896-4A07-88C9-090D75448852}.Release|Any CPU.Build.0 = Release|Any CPU
	EndGlobalSection
	GlobalSection(SolutionProperties) = preSolution
		HideSolutionNode = FALSE
	EndGlobalSection
	GlobalSection(ExtensibilityGlobals) = postSolution
		SolutionGuid = {8F95041D-EE9C-488B-83E0-B6541E3301C5}
	EndGlobalSection
EndGlobal
